
Microsoft Visual Studio Solution File, Format Version 12.00
# Visual Studio Version 17
VisualStudioVersion = 17.13.35931.197
MinimumVisualStudioVersion = 10.0.40219.1
Project("{FAE04EC0-301F-11D3-BF4B-00C04F79EFBC}") = "TaskAPI", "TaskAPI\TaskAPI.csproj", "{4D7B3A2E-C884-4287-8CF5-FF1D1BBB0DCA}"
EndProject
Project("{FAE04EC0-301F-11D3-BF4B-00C04F79EFBC}") = "TaskMVC", "TaskMVC\TaskMVC.csproj", "{B603F3C6-7DA7-4A4D-B376-52578B04283B}"
EndProject
Global
	GlobalSection(SolutionConfigurationPlatforms) = preSolution
		Debug|Any CPU = Debug|Any CPU
		Release|Any CPU = Release|Any CPU
	EndGlobalSection
	GlobalSection(ProjectConfigurationPlatforms) = postSolution
		{4D7B3A2E-C884-4287-8CF5-FF1D1BBB0DCA}.Debug|Any CPU.ActiveCfg = Debug|Any CPU
		{4D7B3A2E-C884-4287-8CF5-FF1D1BBB0DCA}.Debug|Any CPU.Build.0 = Debug|Any CPU
		{4D7B3A2E-C884-4287-8CF5-FF1D1BBB0DCA}.Release|Any CPU.ActiveCfg = Release|Any CPU
		{4D7B3A2E-C884-4287-8CF5-FF1D1BBB0DCA}.Release|Any CPU.Build.0 = Release|Any CPU
		{B603F3C6-7DA7-4A4D-B376-52578B04283B}.Debug|Any CPU.ActiveCfg = Debug|Any CPU
		{B603F3C6-7DA7-4A4D-B376-52578B04283B}.Debug|Any CPU.Build.0 = Debug|Any CPU
		{B603F3C6-7DA7-4A4D-B376-52578B04283B}.Release|Any CPU.ActiveCfg = Release|Any CPU
		{B603F3C6-7DA7-4A4D-B376-52578B04283B}.Release|Any CPU.Build.0 = Release|Any CPU
	EndGlobalSection
	GlobalSection(SolutionProperties) = preSolution
		HideSolutionNode = FALSE
	EndGlobalSection
	GlobalSection(ExtensibilityGlobals) = postSolution
		SolutionGuid = {0BBCA81E-9CC6-433A-A6E1-BEF1C9924836}
	EndGlobalSection
EndGlobal
